
Microsoft Visual Studio Solution File, Format Version 12.00
# Visual Studio Version 17
VisualStudioVersion = 17.2.32526.322
MinimumVisualStudioVersion = 10.0.40219.1
Project("{9A19103F-16F7-4668-BE54-9A1E7A4F7556}") = "ECommWebApp", "ECommWebApp\ECommWebApp.csproj", "{B6051146-C756-4556-9B11-DDC819F5F10E}"
EndProject
Project("{9A19103F-16F7-4668-BE54-9A1E7A4F7556}") = "EF-Code-First", "..\ConsoleApp2\ConsoleApp2\EF-Code-First.csproj", "{7DB9A654-648B-4E13-9013-4901994F788A}"
EndProject
Global
	GlobalSection(SolutionConfigurationPlatforms) = preSolution
		Debug|Any CPU = Debug|Any CPU
		Release|Any CPU = Release|Any CPU
	EndGlobalSection
	GlobalSection(ProjectConfigurationPlatforms) = postSolution
		{B6051146-C756-4556-9B11-DDC819F5F10E}.Debug|Any CPU.ActiveCfg = Debug|Any CPU
		{B6051146-C756-4556-9B11-DDC819F5F10E}.Debug|Any CPU.Build.0 = Debug|Any CPU
		{B6051146-C756-4556-9B11-DDC819F5F10E}.Release|Any CPU.ActiveCfg = Release|Any CPU
		{B6051146-C756-4556-9B11-DDC819F5F10E}.Release|Any CPU.Build.0 = Release|Any CPU
		{7DB9A654-648B-4E13-9013-4901994F788A}.Debug|Any CPU.ActiveCfg = Debug|Any CPU
		{7DB9A654-648B-4E13-9013-4901994F788A}.Debug|Any CPU.Build.0 = Debug|Any CPU
		{7DB9A654-648B-4E13-9013-4901994F788A}.Release|Any CPU.ActiveCfg = Release|Any CPU
		{7DB9A654-648B-4E13-9013-4901994F788A}.Release|Any CPU.Build.0 = Release|Any CPU
	EndGlobalSection
	GlobalSection(SolutionProperties) = preSolution
		HideSolutionNode = FALSE
	EndGlobalSection
	GlobalSection(ExtensibilityGlobals) = postSolution
		SolutionGuid = {B75570CB-FECC-41F4-AF68-6958D4C51179}
	EndGlobalSection
EndGlobal
